
Microsoft Visual Studio Solution File, Format Version 12.00
# Visual Studio Version 17
VisualStudioVersion = 17.3.32825.248
MinimumVisualStudioVersion = 10.0.40219.1
Project("{FAE04EC0-301F-11D3-BF4B-00C04F79EFBC}") = "Tictactoe", "Tictactoe\Tictactoe.csproj", "{73D25DA1-74BA-4BC2-A190-F94B9C884601}"
EndProject
Project("{FAE04EC0-301F-11D3-BF4B-00C04F79EFBC}") = "Tictactoe.Core", "Tictactoe.Core\Tictactoe.Core.csproj", "{C7D3EC14-8C99-447F-B7D4-FDB98A072000}"
EndProject
Project("{FAE04EC0-301F-11D3-BF4B-00C04F79EFBC}") = "Tictactoe.Core.Tests", "Tictactoe.Core.Tests\Tictactoe.Core.Tests.csproj", "{2F4A91A2-B402-4F33-B2FD-4A1F0E5F7841}"
EndProject
Global
	GlobalSection(SolutionConfigurationPlatforms) = preSolution
		Debug|Any CPU = Debug|Any CPU
		Release|Any CPU = Release|Any CPU
	EndGlobalSection
	GlobalSection(ProjectConfigurationPlatforms) = postSolution
		{73D25DA1-74BA-4BC2-A190-F94B9C884601}.Debug|Any CPU.ActiveCfg = Debug|Any CPU
		{73D25DA1-74BA-4BC2-A190-F94B9C884601}.Debug|Any CPU.Build.0 = Debug|Any CPU
		{73D25DA1-74BA-4BC2-A190-F94B9C884601}.Release|Any CPU.ActiveCfg = Release|Any CPU
		{73D25DA1-74BA-4BC2-A190-F94B9C884601}.Release|Any CPU.Build.0 = Release|Any CPU
		{C7D3EC14-8C99-447F-B7D4-FDB98A072000}.Debug|Any CPU.ActiveCfg = Debug|Any CPU
		{C7D3EC14-8C99-447F-B7D4-FDB98A072000}.Debug|Any CPU.Build.0 = Debug|Any CPU
		{C7D3EC14-8C99-447F-B7D4-FDB98A072000}.Release|Any CPU.ActiveCfg = Release|Any CPU
		{C7D3EC14-8C99-447F-B7D4-FDB98A072000}.Release|Any CPU.Build.0 = Release|Any CPU
		{2F4A91A2-B402-4F33-B2FD-4A1F0E5F7841}.Debug|Any CPU.ActiveCfg = Debug|Any CPU
		{2F4A91A2-B402-4F33-B2FD-4A1F0E5F7841}.Debug|Any CPU.Build.0 = Debug|Any CPU
		{2F4A91A2-B402-4F33-B2FD-4A1F0E5F7841}.Release|Any CPU.ActiveCfg = Release|Any CPU
		{2F4A91A2-B402-4F33-B2FD-4A1F0E5F7841}.Release|Any CPU.Build.0 = Release|Any CPU
	EndGlobalSection
	GlobalSection(SolutionProperties) = preSolution
		HideSolutionNode = FALSE
	EndGlobalSection
	GlobalSection(ExtensibilityGlobals) = postSolution
		SolutionGuid = {EF12D1EB-CF7E-42A6-A426-1672F6501F91}
	EndGlobalSection
EndGlobal
